{
    "version": 3,
    "terraform_version": "0.11.10",
    "serial": 18,
    "lineage": "a24da5a4-9558-fcdb-ba20-393beb008459",
    "modules": [
        {
            "path": [
                "root"
            ],
            "outputs": {},
            "resources": {
                "aws_eip.lb": {
                    "type": "aws_eip",
                    "depends_on": [],
                    "primary": {
                        "id": "eipalloc-0f0f06a67dd78eb35",
                        "attributes": {
                            "association_id": "",
                            "domain": "vpc",
                            "id": "eipalloc-0f0f06a67dd78eb35",
                            "instance": "",
                            "network_interface": "",
                            "private_ip": "",
                            "public_ip": "35.169.167.141",
                            "public_ipv4_pool": "amazon",
                            "tags.%": "0",
                            "vpc": "true"
                        },
                        "meta": {
                            "e2bfb730-ecaa-11e6-8f88-34363bc7c4c0": {
                                "delete": 180000000000,
                                "read": 900000000000,
                                "update": 300000000000
                            }
                        },
                        "tainted": false
                    },
                    "deposed": [],
                    "provider": "provider.aws"
                },
                "aws_internet_gateway.gw": {
                    "type": "aws_internet_gateway",
                    "depends_on": [
                        "aws_vpc_ipv4_cidr_block_association.secondary_cidr"
                    ],
                    "primary": {
                        "id": "igw-07711c0579bb41b7c",
                        "attributes": {
                            "id": "igw-07711c0579bb41b7c",
                            "owner_id": "353777821801",
                            "tags.%": "1",
                            "tags.Name": "VPC IGW",
                            "vpc_id": "vpc-080e0cc9bbb68cdf6"
                        },
                        "meta": {},
                        "tainted": false
                    },
                    "deposed": [],
                    "provider": "provider.aws"
                },
                "aws_nat_gateway.gw": {
                    "type": "aws_nat_gateway",
                    "depends_on": [
                        "aws_eip.lb",
                        "aws_subnet.in_secondary_cidr1"
                    ],
                    "primary": {
                        "id": "nat-02f7f4f98ba5ce150",
                        "attributes": {
                            "allocation_id": "eipalloc-0f0f06a67dd78eb35",
                            "id": "nat-02f7f4f98ba5ce150",
                            "network_interface_id": "eni-01bd934afa8d658e7",
                            "private_ip": "10.34.0.66",
                            "public_ip": "35.169.167.141",
                            "subnet_id": "subnet-0aa52029381a373e6",
                            "tags.%": "0"
                        },
                        "meta": {},
                        "tainted": false
                    },
                    "deposed": [],
                    "provider": "provider.aws"
                },
                "aws_route_table.p": {
                    "type": "aws_route_table",
                    "depends_on": [
                        "aws_nat_gateway.gw",
                        "aws_vpc_ipv4_cidr_block_association.secondary_cidr"
                    ],
                    "primary": {
                        "id": "rtb-088fc7574837a8205",
                        "attributes": {
                            "id": "rtb-088fc7574837a8205",
                            "owner_id": "353777821801",
                            "propagating_vgws.#": "0",
                            "route.#": "1",
                            "route.2898697673.cidr_block": "0.0.0.0/0",
                            "route.2898697673.egress_only_gateway_id": "",
                            "route.2898697673.gateway_id": "",
                            "route.2898697673.instance_id": "",
                            "route.2898697673.ipv6_cidr_block": "",
                            "route.2898697673.nat_gateway_id": "nat-02f7f4f98ba5ce150",
                            "route.2898697673.network_interface_id": "",
                            "route.2898697673.transit_gateway_id": "",
                            "route.2898697673.vpc_peering_connection_id": "",
                            "tags.%": "0",
                            "vpc_id": "vpc-080e0cc9bbb68cdf6"
                        },
                        "meta": {},
                        "tainted": false
                    },
                    "deposed": [],
                    "provider": "provider.aws"
                },
                "aws_route_table.r": {
                    "type": "aws_route_table",
                    "depends_on": [
                        "aws_internet_gateway.gw",
                        "aws_vpc_ipv4_cidr_block_association.secondary_cidr"
                    ],
                    "primary": {
                        "id": "rtb-0943602d13bfa73ef",
                        "attributes": {
                            "id": "rtb-0943602d13bfa73ef",
                            "owner_id": "353777821801",
                            "propagating_vgws.#": "0",
                            "route.#": "1",
                            "route.1012507742.cidr_block": "0.0.0.0/0",
                            "route.1012507742.egress_only_gateway_id": "",
                            "route.1012507742.gateway_id": "igw-07711c0579bb41b7c",
                            "route.1012507742.instance_id": "",
                            "route.1012507742.ipv6_cidr_block": "",
                            "route.1012507742.nat_gateway_id": "",
                            "route.1012507742.network_interface_id": "",
                            "route.1012507742.transit_gateway_id": "",
                            "route.1012507742.vpc_peering_connection_id": "",
                            "tags.%": "0",
                            "vpc_id": "vpc-080e0cc9bbb68cdf6"
                        },
                        "meta": {},
                        "tainted": false
                    },
                    "deposed": [],
                    "provider": "provider.aws"
                },
                "aws_route_table_association.a1": {
                    "type": "aws_route_table_association",
                    "depends_on": [
                        "aws_route_table.r",
                        "aws_subnet.in_secondary_cidr1"
                    ],
                    "primary": {
                        "id": "rtbassoc-0aa712addc2008ca5",
                        "attributes": {
                            "id": "rtbassoc-0aa712addc2008ca5",
                            "route_table_id": "rtb-0943602d13bfa73ef",
                            "subnet_id": "subnet-0aa52029381a373e6"
                        },
                        "meta": {},
                        "tainted": false
                    },
                    "deposed": [],
                    "provider": "provider.aws"
                },
                "aws_route_table_association.p1": {
                    "type": "aws_route_table_association",
                    "depends_on": [
                        "aws_route_table.p",
                        "aws_subnet.in_secondary_cidr2"
                    ],
                    "primary": {
                        "id": "rtbassoc-03025c2da3f4b4cae",
                        "attributes": {
                            "id": "rtbassoc-03025c2da3f4b4cae",
                            "route_table_id": "rtb-088fc7574837a8205",
                            "subnet_id": "subnet-073532cb466a594fd"
                        },
                        "meta": {},
                        "tainted": false
                    },
                    "deposed": [],
                    "provider": "provider.aws"
                },
                "aws_route_table_association.p2": {
                    "type": "aws_route_table_association",
                    "depends_on": [
                        "aws_route_table.p",
                        "aws_subnet.in_secondary_cidr3"
                    ],
                    "primary": {
                        "id": "rtbassoc-0f6fcdb61ec1fb8a4",
                        "attributes": {
                            "id": "rtbassoc-0f6fcdb61ec1fb8a4",
                            "route_table_id": "rtb-088fc7574837a8205",
                            "subnet_id": "subnet-0e3ac1265a153ef1d"
                        },
                        "meta": {},
                        "tainted": false
                    },
                    "deposed": [],
                    "provider": "provider.aws"
                },
                "aws_route_table_association.p3": {
                    "type": "aws_route_table_association",
                    "depends_on": [
                        "aws_route_table.p",
                        "aws_subnet.in_secondary_cidr4"
                    ],
                    "primary": {
                        "id": "rtbassoc-070573b457e5bb065",
                        "attributes": {
                            "id": "rtbassoc-070573b457e5bb065",
                            "route_table_id": "rtb-088fc7574837a8205",
                            "subnet_id": "subnet-09fb357ac8b2000d1"
                        },
                        "meta": {},
                        "tainted": false
                    },
                    "deposed": [],
                    "provider": "provider.aws"
                },
                "aws_route_table_association.p4": {
                    "type": "aws_route_table_association",
                    "depends_on": [
                        "aws_route_table.p",
                        "aws_subnet.in_secondary_cidr5"
                    ],
                    "primary": {
                        "id": "rtbassoc-01e6b5d8c5afa5116",
                        "attributes": {
                            "id": "rtbassoc-01e6b5d8c5afa5116",
                            "route_table_id": "rtb-088fc7574837a8205",
                            "subnet_id": "subnet-02eed696c4435a3ac"
                        },
                        "meta": {},
                        "tainted": false
                    },
                    "deposed": [],
                    "provider": "provider.aws"
                },
                "aws_route_table_association.p5": {
                    "type": "aws_route_table_association",
                    "depends_on": [
                        "aws_route_table.p",
                        "aws_subnet.in_secondary_cidr6"
                    ],
                    "primary": {
                        "id": "rtbassoc-0ce7876de4fbea68f",
                        "attributes": {
                            "id": "rtbassoc-0ce7876de4fbea68f",
                            "route_table_id": "rtb-088fc7574837a8205",
                            "subnet_id": "subnet-01dcc590c8d3fc8a4"
                        },
                        "meta": {},
                        "tainted": false
                    },
                    "deposed": [],
                    "provider": "provider.aws"
                },
                "aws_route_table_association.p6": {
                    "type": "aws_route_table_association",
                    "depends_on": [
                        "aws_route_table.p",
                        "aws_subnet.in_secondary_cidr7"
                    ],
                    "primary": {
                        "id": "rtbassoc-0f92d137f1e8be41c",
                        "attributes": {
                            "id": "rtbassoc-0f92d137f1e8be41c",
                            "route_table_id": "rtb-088fc7574837a8205",
                            "subnet_id": "subnet-0ef8de895bce32187"
                        },
                        "meta": {},
                        "tainted": false
                    },
                    "deposed": [],
                    "provider": "provider.aws"
                },
                "aws_security_group.allow_all": {
                    "type": "aws_security_group",
                    "depends_on": [
                        "aws_vpc_ipv4_cidr_block_association.secondary_cidr"
                    ],
                    "primary": {
                        "id": "sg-0bf7d730b88c2ea4e",
                        "attributes": {
                            "arn": "arn:aws:ec2:us-east-1:353777821801:security-group/sg-0bf7d730b88c2ea4e",
                            "description": "Allow all inbound traffic",
                            "egress.#": "0",
                            "id": "sg-0bf7d730b88c2ea4e",
                            "ingress.#": "1",
                            "ingress.2541437006.cidr_blocks.#": "1",
                            "ingress.2541437006.cidr_blocks.0": "0.0.0.0/0",
                            "ingress.2541437006.description": "",
                            "ingress.2541437006.from_port": "22",
                            "ingress.2541437006.ipv6_cidr_blocks.#": "0",
                            "ingress.2541437006.prefix_list_ids.#": "0",
                            "ingress.2541437006.protocol": "tcp",
                            "ingress.2541437006.security_groups.#": "0",
                            "ingress.2541437006.self": "false",
                            "ingress.2541437006.to_port": "22",
                            "name": "allow_all",
                            "owner_id": "353777821801",
                            "revoke_rules_on_delete": "false",
                            "tags.%": "0",
                            "vpc_id": "vpc-080e0cc9bbb68cdf6"
                        },
                        "meta": {
                            "e2bfb730-ecaa-11e6-8f88-34363bc7c4c0": {
                                "create": 600000000000,
                                "delete": 600000000000
                            },
                            "schema_version": "1"
                        },
                        "tainted": false
                    },
                    "deposed": [],
                    "provider": "provider.aws"
                },
                "aws_security_group.sgweb": {
                    "type": "aws_security_group",
                    "depends_on": [
                        "aws_vpc_ipv4_cidr_block_association.secondary_cidr"
                    ],
                    "primary": {
                        "id": "sg-05e9cf06cb4fbed3a",
                        "attributes": {
                            "arn": "arn:aws:ec2:us-east-1:353777821801:security-group/sg-05e9cf06cb4fbed3a",
                            "description": "Allow incoming HTTP connections \u0026 SSH access",
                            "egress.#": "0",
                            "id": "sg-05e9cf06cb4fbed3a",
                            "ingress.#": "4",
                            "ingress.2214680975.cidr_blocks.#": "1",
                            "ingress.2214680975.cidr_blocks.0": "0.0.0.0/0",
                            "ingress.2214680975.description": "",
                            "ingress.2214680975.from_port": "80",
                            "ingress.2214680975.ipv6_cidr_blocks.#": "0",
                            "ingress.2214680975.prefix_list_ids.#": "0",
                            "ingress.2214680975.protocol": "tcp",
                            "ingress.2214680975.security_groups.#": "0",
                            "ingress.2214680975.self": "false",
                            "ingress.2214680975.to_port": "80",
                            "ingress.2541437006.cidr_blocks.#": "1",
                            "ingress.2541437006.cidr_blocks.0": "0.0.0.0/0",
                            "ingress.2541437006.description": "",
                            "ingress.2541437006.from_port": "22",
                            "ingress.2541437006.ipv6_cidr_blocks.#": "0",
                            "ingress.2541437006.prefix_list_ids.#": "0",
                            "ingress.2541437006.protocol": "tcp",
                            "ingress.2541437006.security_groups.#": "0",
                            "ingress.2541437006.self": "false",
                            "ingress.2541437006.to_port": "22",
                            "ingress.2617001939.cidr_blocks.#": "1",
                            "ingress.2617001939.cidr_blocks.0": "0.0.0.0/0",
                            "ingress.2617001939.description": "",
                            "ingress.2617001939.from_port": "443",
                            "ingress.2617001939.ipv6_cidr_blocks.#": "0",
                            "ingress.2617001939.prefix_list_ids.#": "0",
                            "ingress.2617001939.protocol": "tcp",
                            "ingress.2617001939.security_groups.#": "0",
                            "ingress.2617001939.self": "false",
                            "ingress.2617001939.to_port": "443",
                            "ingress.3617726993.cidr_blocks.#": "1",
                            "ingress.3617726993.cidr_blocks.0": "0.0.0.0/0",
                            "ingress.3617726993.description": "",
                            "ingress.3617726993.from_port": "2377",
                            "ingress.3617726993.ipv6_cidr_blocks.#": "0",
                            "ingress.3617726993.prefix_list_ids.#": "0",
                            "ingress.3617726993.protocol": "tcp",
                            "ingress.3617726993.security_groups.#": "0",
                            "ingress.3617726993.self": "false",
                            "ingress.3617726993.to_port": "2377",
                            "name": "vpc_test_web",
                            "owner_id": "353777821801",
                            "revoke_rules_on_delete": "false",
                            "tags.%": "1",
                            "tags.Name": "Web Server SG",
                            "vpc_id": "vpc-080e0cc9bbb68cdf6"
                        },
                        "meta": {
                            "e2bfb730-ecaa-11e6-8f88-34363bc7c4c0": {
                                "create": 600000000000,
                                "delete": 600000000000
                            },
                            "schema_version": "1"
                        },
                        "tainted": false
                    },
                    "deposed": [],
                    "provider": "provider.aws"
                },
                "aws_subnet.in_secondary_cidr1": {
                    "type": "aws_subnet",
                    "depends_on": [
                        "aws_vpc_ipv4_cidr_block_association.secondary_cidr"
                    ],
                    "primary": {
                        "id": "subnet-0aa52029381a373e6",
                        "attributes": {
                            "arn": "arn:aws:ec2:us-east-1:353777821801:subnet/subnet-0aa52029381a373e6",
                            "assign_ipv6_address_on_creation": "false",
                            "availability_zone": "us-east-1f",
                            "availability_zone_id": "use1-az5",
                            "cidr_block": "10.34.0.0/25",
                            "id": "subnet-0aa52029381a373e6",
                            "ipv6_cidr_block": "",
                            "ipv6_cidr_block_association_id": "",
                            "map_public_ip_on_launch": "false",
                            "owner_id": "353777821801",
                            "tags.%": "0",
                            "vpc_id": "vpc-080e0cc9bbb68cdf6"
                        },
                        "meta": {
                            "e2bfb730-ecaa-11e6-8f88-34363bc7c4c0": {
                                "create": 600000000000,
                                "delete": 600000000000
                            },
                            "schema_version": "1"
                        },
                        "tainted": false
                    },
                    "deposed": [],
                    "provider": "provider.aws"
                },
                "aws_subnet.in_secondary_cidr2": {
                    "type": "aws_subnet",
                    "depends_on": [
                        "aws_vpc_ipv4_cidr_block_association.secondary_cidr"
                    ],
                    "primary": {
                        "id": "subnet-073532cb466a594fd",
                        "attributes": {
                            "arn": "arn:aws:ec2:us-east-1:353777821801:subnet/subnet-073532cb466a594fd",
                            "assign_ipv6_address_on_creation": "false",
                            "availability_zone": "us-east-1e",
                            "availability_zone_id": "use1-az3",
                            "cidr_block": "10.34.1.0/24",
                            "id": "subnet-073532cb466a594fd",
                            "ipv6_cidr_block": "",
                            "ipv6_cidr_block_association_id": "",
                            "map_public_ip_on_launch": "false",
                            "owner_id": "353777821801",
                            "tags.%": "1",
                            "tags.Name": "App",
                            "vpc_id": "vpc-080e0cc9bbb68cdf6"
                        },
                        "meta": {
                            "e2bfb730-ecaa-11e6-8f88-34363bc7c4c0": {
                                "create": 600000000000,
                                "delete": 600000000000
                            },
                            "schema_version": "1"
                        },
                        "tainted": false
                    },
                    "deposed": [],
                    "provider": "provider.aws"
                },
                "aws_subnet.in_secondary_cidr3": {
                    "type": "aws_subnet",
                    "depends_on": [
                        "aws_vpc_ipv4_cidr_block_association.secondary_cidr"
                    ],
                    "primary": {
                        "id": "subnet-0e3ac1265a153ef1d",
                        "attributes": {
                            "arn": "arn:aws:ec2:us-east-1:353777821801:subnet/subnet-0e3ac1265a153ef1d",
                            "assign_ipv6_address_on_creation": "false",
                            "availability_zone": "us-east-1f",
                            "availability_zone_id": "use1-az5",
                            "cidr_block": "10.34.2.0/24",
                            "id": "subnet-0e3ac1265a153ef1d",
                            "ipv6_cidr_block": "",
                            "ipv6_cidr_block_association_id": "",
                            "map_public_ip_on_launch": "false",
                            "owner_id": "353777821801",
                            "tags.%": "1",
                            "tags.Name": "App",
                            "vpc_id": "vpc-080e0cc9bbb68cdf6"
                        },
                        "meta": {
                            "e2bfb730-ecaa-11e6-8f88-34363bc7c4c0": {
                                "create": 600000000000,
                                "delete": 600000000000
                            },
                            "schema_version": "1"
                        },
                        "tainted": false
                    },
                    "deposed": [],
                    "provider": "provider.aws"
                },
                "aws_subnet.in_secondary_cidr4": {
                    "type": "aws_subnet",
                    "depends_on": [
                        "aws_vpc_ipv4_cidr_block_association.secondary_cidr"
                    ],
                    "primary": {
                        "id": "subnet-09fb357ac8b2000d1",
                        "attributes": {
                            "arn": "arn:aws:ec2:us-east-1:353777821801:subnet/subnet-09fb357ac8b2000d1",
                            "assign_ipv6_address_on_creation": "false",
                            "availability_zone": "us-east-1e",
                            "availability_zone_id": "use1-az3",
                            "cidr_block": "10.34.3.0/24",
                            "id": "subnet-09fb357ac8b2000d1",
                            "ipv6_cidr_block": "",
                            "ipv6_cidr_block_association_id": "",
                            "map_public_ip_on_launch": "false",
                            "owner_id": "353777821801",
                            "tags.%": "1",
                            "tags.Name": "DB",
                            "vpc_id": "vpc-080e0cc9bbb68cdf6"
                        },
                        "meta": {
                            "e2bfb730-ecaa-11e6-8f88-34363bc7c4c0": {
                                "create": 600000000000,
                                "delete": 600000000000
                            },
                            "schema_version": "1"
                        },
                        "tainted": false
                    },
                    "deposed": [],
                    "provider": "provider.aws"
                },
                "aws_subnet.in_secondary_cidr5": {
                    "type": "aws_subnet",
                    "depends_on": [
                        "aws_vpc_ipv4_cidr_block_association.secondary_cidr"
                    ],
                    "primary": {
                        "id": "subnet-02eed696c4435a3ac",
                        "attributes": {
                            "arn": "arn:aws:ec2:us-east-1:353777821801:subnet/subnet-02eed696c4435a3ac",
                            "assign_ipv6_address_on_creation": "false",
                            "availability_zone": "us-east-1f",
                            "availability_zone_id": "use1-az5",
                            "cidr_block": "10.34.4.0/24",
                            "id": "subnet-02eed696c4435a3ac",
                            "ipv6_cidr_block": "",
                            "ipv6_cidr_block_association_id": "",
                            "map_public_ip_on_launch": "false",
                            "owner_id": "353777821801",
                            "tags.%": "1",
                            "tags.Name": "DB",
                            "vpc_id": "vpc-080e0cc9bbb68cdf6"
                        },
                        "meta": {
                            "e2bfb730-ecaa-11e6-8f88-34363bc7c4c0": {
                                "create": 600000000000,
                                "delete": 600000000000
                            },
                            "schema_version": "1"
                        },
                        "tainted": false
                    },
                    "deposed": [],
                    "provider": "provider.aws"
                },
                "aws_subnet.in_secondary_cidr6": {
                    "type": "aws_subnet",
                    "depends_on": [
                        "aws_vpc_ipv4_cidr_block_association.secondary_cidr"
                    ],
                    "primary": {
                        "id": "subnet-01dcc590c8d3fc8a4",
                        "attributes": {
                            "arn": "arn:aws:ec2:us-east-1:353777821801:subnet/subnet-01dcc590c8d3fc8a4",
                            "assign_ipv6_address_on_creation": "false",
                            "availability_zone": "us-east-1e",
                            "availability_zone_id": "use1-az3",
                            "cidr_block": "10.34.5.0/24",
                            "id": "subnet-01dcc590c8d3fc8a4",
                            "ipv6_cidr_block": "",
                            "ipv6_cidr_block_association_id": "",
                            "map_public_ip_on_launch": "false",
                            "owner_id": "353777821801",
                            "tags.%": "1",
                            "tags.Name": "EMR",
                            "vpc_id": "vpc-080e0cc9bbb68cdf6"
                        },
                        "meta": {
                            "e2bfb730-ecaa-11e6-8f88-34363bc7c4c0": {
                                "create": 600000000000,
                                "delete": 600000000000
                            },
                            "schema_version": "1"
                        },
                        "tainted": false
                    },
                    "deposed": [],
                    "provider": "provider.aws"
                },
                "aws_subnet.in_secondary_cidr7": {
                    "type": "aws_subnet",
                    "depends_on": [
                        "aws_vpc_ipv4_cidr_block_association.secondary_cidr"
                    ],
                    "primary": {
                        "id": "subnet-0ef8de895bce32187",
                        "attributes": {
                            "arn": "arn:aws:ec2:us-east-1:353777821801:subnet/subnet-0ef8de895bce32187",
                            "assign_ipv6_address_on_creation": "false",
                            "availability_zone": "us-east-1f",
                            "availability_zone_id": "use1-az5",
                            "cidr_block": "10.34.6.0/24",
                            "id": "subnet-0ef8de895bce32187",
                            "ipv6_cidr_block": "",
                            "ipv6_cidr_block_association_id": "",
                            "map_public_ip_on_launch": "false",
                            "owner_id": "353777821801",
                            "tags.%": "1",
                            "tags.Name": "EMR",
                            "vpc_id": "vpc-080e0cc9bbb68cdf6"
                        },
                        "meta": {
                            "e2bfb730-ecaa-11e6-8f88-34363bc7c4c0": {
                                "create": 600000000000,
                                "delete": 600000000000
                            },
                            "schema_version": "1"
                        },
                        "tainted": false
                    },
                    "deposed": [],
                    "provider": "provider.aws"
                },
                "aws_vpc.main": {
                    "type": "aws_vpc",
                    "depends_on": [],
                    "primary": {
                        "id": "vpc-080e0cc9bbb68cdf6",
                        "attributes": {
                            "arn": "arn:aws:ec2:us-east-1:353777821801:vpc/vpc-080e0cc9bbb68cdf6",
                            "assign_generated_ipv6_cidr_block": "false",
                            "cidr_block": "10.1.0.0/16",
                            "default_network_acl_id": "acl-092a46b3fb19b6bee",
                            "default_route_table_id": "rtb-07219fc050e8eca11",
                            "default_security_group_id": "sg-0aa92d5db5e688693",
                            "dhcp_options_id": "dopt-b03767cb",
                            "enable_classiclink": "false",
                            "enable_classiclink_dns_support": "false",
                            "enable_dns_hostnames": "false",
                            "enable_dns_support": "true",
                            "id": "vpc-080e0cc9bbb68cdf6",
                            "instance_tenancy": "default",
                            "ipv6_association_id": "",
                            "ipv6_cidr_block": "",
                            "main_route_table_id": "rtb-07219fc050e8eca11",
                            "owner_id": "353777821801",
                            "tags.%": "0"
                        },
                        "meta": {
                            "schema_version": "1"
                        },
                        "tainted": false
                    },
                    "deposed": [],
                    "provider": "provider.aws"
                },
                "aws_vpc_ipv4_cidr_block_association.secondary_cidr": {
                    "type": "aws_vpc_ipv4_cidr_block_association",
                    "depends_on": [
                        "aws_vpc.main"
                    ],
                    "primary": {
                        "id": "vpc-cidr-assoc-0e3d36c08a414ecde",
                        "attributes": {
                            "cidr_block": "10.34.0.0/20",
                            "id": "vpc-cidr-assoc-0e3d36c08a414ecde",
                            "vpc_id": "vpc-080e0cc9bbb68cdf6"
                        },
                        "meta": {
                            "e2bfb730-ecaa-11e6-8f88-34363bc7c4c0": {
                                "create": 600000000000,
                                "delete": 600000000000
                            }
                        },
                        "tainted": false
                    },
                    "deposed": [],
                    "provider": "provider.aws"
                }
            },
            "depends_on": []
        }
    ]
}
